{
    "requires": true,
    "lockfileVersion": 1,
    "dependencies": {
        "@coreui/icons": {
            "version": "0.4.1",
            "resolved": "https://registry.npmjs.org/@coreui/icons/-/icons-0.4.1.tgz",
            "integrity": "sha512-k3U1zzJwwKIH+LgSBD1y+GTbB3Rqen567GyNHNKxHHTke6r67n/s3K2nxgD8vX53WirfXzsz+8+mRipnzkplCA=="
        }
    }
}
